{
  "name": "@navikt/ft-kalkulus-frontend-felles",
  "version": "1.0.0",
  "lockfileVersion": 1,
  "requires": true,
  "dependencies": {
    "@babel/runtime": {
      "version": "7.11.2",
      "resolved": "https://registry.npmjs.org/@babel/runtime/-/runtime-7.11.2.tgz",
      "integrity": "sha512-TeWkU52so0mPtDcaCTxNBI/IHiz0pZgr8VEFqXFtZWpYD08ZB6FaSwVAS8MKRQAP3bYKiVjwysOJgMFY28o6Tw==",
      "requires": {
        "regenerator-runtime": "^0.13.4"
      }
    },
    "@formatjs/ecma402-abstract": {
      "version": "1.2.0",
      "resolved": "https://registry.npmjs.org/@formatjs/ecma402-abstract/-/ecma402-abstract-1.2.0.tgz",
      "integrity": "sha512-jc1bZHhIE1YI0HnZIZcdlKpF4wle2pkgQpzXHDoyy4bUqzBSvDqktnF26hOkyA04KD4wqd61gkuTvRrHMmroAg=="
    },
    "@formatjs/intl-datetimeformat": {
      "version": "1.3.3",
      "resolved": "https://registry.npmjs.org/@formatjs/intl-datetimeformat/-/intl-datetimeformat-1.3.3.tgz",
      "integrity": "sha512-wLHQOqKU+I0sINFPA7jabYm/O+ep90NtMv88wCgtWjoHWkfpgK4MJ7mRU01O7Vm/a3onaYvfM4NISdSSLLmHuw==",
      "requires": {
        "@formatjs/intl-getcanonicallocales": "^1.2.7",
        "@formatjs/intl-utils": "^3.5.0"
      }
    },
    "@formatjs/intl-displaynames": {
      "version": "2.2.9",
      "resolved": "https://registry.npmjs.org/@formatjs/intl-displaynames/-/intl-displaynames-2.2.9.tgz",
      "integrity": "sha512-MjjG9SXBre8WwqRHMtaX0wD9T4VvEiNp5U/K96GDE8rHzHxAdP8wKEqlau9ZP47O+bSi7JN5cOTAHoUBpMsn6Q==",
      "requires": {
        "@formatjs/intl-utils": "^3.5.0"
      }
    },
    "@formatjs/intl-getcanonicallocales": {
      "version": "1.4.3",
      "resolved": "https://registry.npmjs.org/@formatjs/intl-getcanonicallocales/-/intl-getcanonicallocales-1.4.3.tgz",
      "integrity": "sha512-GgQor2o9EFfM46fCHoLE02EW+Wvf3eIdwiwczqBN6rCY4vagROltKtLdCUyLfN0tK5pZmDSV78Gupa6plI2lfA==",
      "requires": {
        "cldr-core": "36.0.0"
      }
    },
    "@formatjs/intl-listformat": {
      "version": "2.2.9",
      "resolved": "https://registry.npmjs.org/@formatjs/intl-listformat/-/intl-listformat-2.2.9.tgz",
      "integrity": "sha512-RC9wrQf7XXRP73Np1+WDR71HdT91mcdiNgH6m9HVFWa3tgv8rk43QJSMbehPqgcJ1l1pm6Uwm0wURAz8YJVX3A==",
      "requires": {
        "@formatjs/intl-utils": "^3.5.0"
      }
    },
    "@formatjs/intl-numberformat": {
      "version": "4.2.11",
      "resolved": "https://registry.npmjs.org/@formatjs/intl-numberformat/-/intl-numberformat-4.2.11.tgz",
      "integrity": "sha512-LiPrkg2sRZsH0F6XOz9Esgu+Ou6vux3QPiNDHKKrHL5T4pRbcethI9+vwttnY44FIVnTxjQdywkcJILLjgWPUw==",
      "requires": {
        "@formatjs/intl-utils": "^3.5.0"
      }
    },
    "@formatjs/intl-relativetimeformat": {
      "version": "5.2.11",
      "resolved": "https://registry.npmjs.org/@formatjs/intl-relativetimeformat/-/intl-relativetimeformat-5.2.11.tgz",
      "integrity": "sha512-Lf7SEIICJ4cGX1vFAMeyRQG8L1Pf18qfXXX4OWIswUnCyCcoIidLMvVN2xjrtB/OToc6mgZhhCTF35hRA0hl7Q==",
      "requires": {
        "@formatjs/intl-utils": "^3.5.0"
      }
    },
    "@formatjs/intl-utils": {
      "version": "3.8.4",
      "resolved": "https://registry.npmjs.org/@formatjs/intl-utils/-/intl-utils-3.8.4.tgz",
      "integrity": "sha512-j5C6NyfKevIxsfLK8KwO1C0vvP7k1+h4A9cFpc+cr6mEwCc1sPkr17dzh0Ke6k9U5pQccAQoXdcNBl3IYa4+ZQ==",
      "requires": {
        "emojis-list": "^3.0.0"
      }
    },
    "@navikt/fnrvalidator": {
      "version": "1.1.2",
      "resolved": "https://registry.npmjs.org/@navikt/fnrvalidator/-/fnrvalidator-1.1.2.tgz",
      "integrity": "sha512-F3Y8jzUtafjOEij+PvfL2TPjuvLnVQ+Gnd5cI/sPl56sUZMo2SIy104kgigdie9i3r8ya4bZRfIVHWjd272KEw=="
    },
    "@scarf/scarf": {
      "version": "1.1.0",
      "resolved": "https://registry.npmjs.org/@scarf/scarf/-/scarf-1.1.0.tgz",
      "integrity": "sha512-b2iE8kjjzzUo2WZ0xuE2N77kfnTds7ClrDxcz3Atz7h2XrNVoAPUoT75i7CY0st5x++70V91Y+c6RpBX9MX7Jg=="
    },
    "@sinonjs/commons": {
      "version": "1.8.1",
      "resolved": "https://registry.npmjs.org/@sinonjs/commons/-/commons-1.8.1.tgz",
      "integrity": "sha512-892K+kWUUi3cl+LlqEWIDrhvLgdL79tECi8JZUyq6IviKy/DNhuzCRlbHUjxK89f4ypPMMaFnFuR9Ie6DoIMsw==",
      "dev": true,
      "requires": {
        "type-detect": "4.0.8"
      }
    },
    "@sinonjs/fake-timers": {
      "version": "6.0.1",
      "resolved": "https://registry.npmjs.org/@sinonjs/fake-timers/-/fake-timers-6.0.1.tgz",
      "integrity": "sha512-MZPUxrmFubI36XS1DI3qmI0YdN1gks62JtFZvxR67ljjSNCeK6U08Zx4msEWOXuofgqUt6zPHSi1H9fbjR/NRA==",
      "dev": true,
      "requires": {
        "@sinonjs/commons": "^1.7.0"
      }
    },
    "@sinonjs/formatio": {
      "version": "5.0.1",
      "resolved": "https://registry.npmjs.org/@sinonjs/formatio/-/formatio-5.0.1.tgz",
      "integrity": "sha512-KaiQ5pBf1MpS09MuA0kp6KBQt2JUOQycqVG1NZXvzeaXe5LGFqAKueIS0bw4w0P9r7KuBSVdUk5QjXsUdu2CxQ==",
      "dev": true,
      "requires": {
        "@sinonjs/commons": "^1",
        "@sinonjs/samsam": "^5.0.2"
      }
    },
    "@sinonjs/samsam": {
      "version": "5.1.0",
      "resolved": "https://registry.npmjs.org/@sinonjs/samsam/-/samsam-5.1.0.tgz",
      "integrity": "sha512-42nyaQOVunX5Pm6GRJobmzbS7iLI+fhERITnETXzzwDZh+TtDr/Au3yAvXVjFmZ4wEUaE4Y3NFZfKv0bV0cbtg==",
      "dev": true,
      "requires": {
        "@sinonjs/commons": "^1.6.0",
        "lodash.get": "^4.4.2",
        "type-detect": "^4.0.8"
      }
    },
    "@sinonjs/text-encoding": {
      "version": "0.7.1",
      "resolved": "https://registry.npmjs.org/@sinonjs/text-encoding/-/text-encoding-0.7.1.tgz",
      "integrity": "sha512-+iTbntw2IZPb/anVDbypzfQa+ay64MW0Zo8aJ8gZPWMMK6/OubMVb6lUPMagqjOPnmtauXnFCACVl3O7ogjeqQ==",
      "dev": true
    },
    "@types/hoist-non-react-statics": {
      "version": "3.3.1",
      "resolved": "https://registry.npmjs.org/@types/hoist-non-react-statics/-/hoist-non-react-statics-3.3.1.tgz",
      "integrity": "sha512-iMIqiko6ooLrTh1joXodJK5X9xeEALT1kM5G3ZLhD3hszxBdIEd5C75U834D9mLcINgD4OyZf5uQXjkuYydWvA==",
      "requires": {
        "@types/react": "*",
        "hoist-non-react-statics": "^3.3.0"
      }
    },
    "@types/invariant": {
      "version": "2.2.34",
      "resolved": "https://registry.npmjs.org/@types/invariant/-/invariant-2.2.34.tgz",
      "integrity": "sha512-lYUtmJ9BqUN688fGY1U1HZoWT1/Jrmgigx2loq4ZcJpICECm/Om3V314BxdzypO0u5PORKGMM6x0OXaljV1YFg=="
    },
    "@types/prop-types": {
      "version": "15.7.3",
      "resolved": "https://registry.npmjs.org/@types/prop-types/-/prop-types-15.7.3.tgz",
      "integrity": "sha512-KfRL3PuHmqQLOG+2tGpRO26Ctg+Cq1E01D2DMriKEATHgWLfeNDmq9e29Q9WIky0dQ3NPkd1mzYH8Lm936Z9qw=="
    },
    "@types/react": {
      "version": "16.9.49",
      "resolved": "https://registry.npmjs.org/@types/react/-/react-16.9.49.tgz",
      "integrity": "sha512-DtLFjSj0OYAdVLBbyjhuV9CdGVHCkHn2R+xr3XkBvK2rS1Y1tkc14XSGjYgm5Fjjr90AxH9tiSzc1pCFMGO06g==",
      "requires": {
        "@types/prop-types": "*",
        "csstype": "^3.0.2"
      }
    },
    "classnames": {
      "version": "2.2.6",
      "resolved": "https://registry.npmjs.org/classnames/-/classnames-2.2.6.tgz",
      "integrity": "sha512-JR/iSQOSt+LQIWwrwEzJ9uk0xfN3mTVYMwt1Ir5mUcSN6pU+V4zQFFaJsclJbPuAUQH+yfWef6tm7l1quW3C8Q=="
    },
    "cldr-core": {
      "version": "36.0.0",
      "resolved": "https://registry.npmjs.org/cldr-core/-/cldr-core-36.0.0.tgz",
      "integrity": "sha512-QLnAjt20rZe38c8h8OJ9jPND+O4o5O8Nw0TK/P3KpNn1cmOhMu0rk6Kc3ap96c5OStQ9gAngs9+Be2sum26NOw=="
    },
    "csstype": {
      "version": "3.0.3",
      "resolved": "https://registry.npmjs.org/csstype/-/csstype-3.0.3.tgz",
      "integrity": "sha512-jPl+wbWPOWJ7SXsWyqGRk3lGecbar0Cb0OvZF/r/ZU011R4YqiRehgkQ9p4eQfo9DSDLqLL3wHwfxeJiuIsNag=="
    },
    "diff": {
      "version": "4.0.2",
      "resolved": "https://registry.npmjs.org/diff/-/diff-4.0.2.tgz",
      "integrity": "sha512-58lmxKSA4BNyLz+HHMUzlOEpg09FV+ev6ZMe3vJihgdxzgcwZ8VoEEPmALCZG9LmqfVoNMMKpttIYTVG6uDY7A==",
      "dev": true
    },
    "emojis-list": {
      "version": "3.0.0",
      "resolved": "https://registry.npmjs.org/emojis-list/-/emojis-list-3.0.0.tgz",
      "integrity": "sha512-/kyM18EfinwXZbno9FyUGeFh87KC8HRQBQGildHZbEuRyWFOmv1U10o9BBp8XVZDVNNuQKyIGIu5ZYAAXJ0V2Q=="
    },
    "es6-error": {
      "version": "4.1.1",
      "resolved": "https://registry.npmjs.org/es6-error/-/es6-error-4.1.1.tgz",
      "integrity": "sha512-Um/+FxMr9CISWh0bi5Zv0iOD+4cFh5qLeks1qhAopKVAJw3drgKbKySikp7wGhDL0HPeaja0P5ULZrxLkniUVg=="
    },
    "exenv": {
      "version": "1.2.2",
      "resolved": "https://registry.npmjs.org/exenv/-/exenv-1.2.2.tgz",
      "integrity": "sha1-KueOhdmJQVhnCwPUe+wfA72Ru50="
    },
    "has-flag": {
      "version": "4.0.0",
      "resolved": "https://registry.npmjs.org/has-flag/-/has-flag-4.0.0.tgz",
      "integrity": "sha512-EykJT/Q1KjTWctppgIAgfSO0tKVuZUjhgMr17kqTumMl6Afv3EISleU7qZUzoXDFTAHTDC4NOoG/ZxU3EvlMPQ==",
      "dev": true
    },
    "hoist-non-react-statics": {
      "version": "3.3.2",
      "resolved": "https://registry.npmjs.org/hoist-non-react-statics/-/hoist-non-react-statics-3.3.2.tgz",
      "integrity": "sha512-/gGivxi8JPKWNm/W0jSmzcMPpfpPLc3dY/6GxhX2hQ9iGj3aDfklV4ET7NjKpSinLpJ5vafa9iiGIEZg10SfBw==",
      "requires": {
        "react-is": "^16.7.0"
      }
    },
    "intl-format-cache": {
      "version": "4.3.1",
      "resolved": "https://registry.npmjs.org/intl-format-cache/-/intl-format-cache-4.3.1.tgz",
      "integrity": "sha512-OEUYNA7D06agqPOYhbTkl0T8HA3QKSuwWh1HiClEnpd9vw7N+3XsQt5iZ0GUEchp5CW1fQk/tary+NsbF3yQ1Q=="
    },
    "intl-messageformat": {
      "version": "8.4.1",
      "resolved": "https://registry.npmjs.org/intl-messageformat/-/intl-messageformat-8.4.1.tgz",
      "integrity": "sha512-N4jLt0KebfqXZZZQRwBwZMrqwccHzZnN6KSeUsfidIoHMPIlLIgq08KcYsn7bZS6adh1KKH4/99VODWDDDu85Q==",
      "requires": {
        "intl-format-cache": "^4.2.43",
        "intl-messageformat-parser": "^5.2.1"
      }
    },
    "intl-messageformat-parser": {
      "version": "5.4.2",
      "resolved": "https://registry.npmjs.org/intl-messageformat-parser/-/intl-messageformat-parser-5.4.2.tgz",
      "integrity": "sha512-VHu6UWgWLJykaSeI1M2DpZMVRLuGCOV91i5I81xnJuAI0MKHP7ZJ3my5naOQkzG10ris3hBr+o5RElF1wQ5IXA==",
      "requires": {
        "@formatjs/intl-numberformat": "^5.5.0"
      },
      "dependencies": {
        "@formatjs/intl-numberformat": {
          "version": "5.6.0",
          "resolved": "https://registry.npmjs.org/@formatjs/intl-numberformat/-/intl-numberformat-5.6.0.tgz",
          "integrity": "sha512-MfYcqX1LE2N4P9eVtQXI/L6APlXgjexCj0b7GxJfK+icrwbA0XINSPGTt96kUxO5hf/tDu0MxJXnt9gwMKm/EA==",
          "requires": {
            "@formatjs/ecma402-abstract": "^1.2.0"
          }
        }
      }
    },
    "invariant": {
      "version": "2.2.4",
      "resolved": "https://registry.npmjs.org/invariant/-/invariant-2.2.4.tgz",
      "integrity": "sha512-phJfQVBuaJM5raOpJjSfkiD6BpbCE4Ns//LaXl6wGYtUBY83nWS6Rf9tXm2e8VaK60JEjYldbPif/A2B1C2gNA==",
      "requires": {
        "loose-envify": "^1.0.0"
      }
    },
    "is-promise": {
      "version": "2.2.2",
      "resolved": "https://registry.npmjs.org/is-promise/-/is-promise-2.2.2.tgz",
      "integrity": "sha512-+lP4/6lKUBfQjZ2pdxThZvLUAafmZb8OAxFb8XXtiQmS35INgr85hdOGoEs124ez1FCnZJt6jau/T+alh58QFQ=="
    },
    "isarray": {
      "version": "0.0.1",
      "resolved": "https://registry.npmjs.org/isarray/-/isarray-0.0.1.tgz",
      "integrity": "sha1-ihis/Kmo9Bd+Cav8YDiTmwXR7t8=",
      "dev": true
    },
    "js-tokens": {
      "version": "4.0.0",
      "resolved": "https://registry.npmjs.org/js-tokens/-/js-tokens-4.0.0.tgz",
      "integrity": "sha512-RdJUflcE3cUzKiMqQgsCu06FPu9UdIJO0beYbPhHN4k6apgJtifcoCtT9bcxOpYBtpD2kCM6Sbzg4CausW/PKQ=="
    },
    "just-extend": {
      "version": "4.1.0",
      "resolved": "https://registry.npmjs.org/just-extend/-/just-extend-4.1.0.tgz",
      "integrity": "sha512-ApcjaOdVTJ7y4r08xI5wIqpvwS48Q0PBG4DJROcEkH1f8MdAiNFyFxz3xoL0LWAVwjrwPYZdVHHxhRHcx/uGLA==",
      "dev": true
    },
    "lodash": {
      "version": "4.17.20",
      "resolved": "https://registry.npmjs.org/lodash/-/lodash-4.17.20.tgz",
      "integrity": "sha512-PlhdFcillOINfeV7Ni6oF1TAEayyZBoZ8bcshTHqOYJYlrqzRK5hagpagky5o4HfCzzd1TRkXPMFq6cKk9rGmA=="
    },
    "lodash.get": {
      "version": "4.4.2",
      "resolved": "https://registry.npmjs.org/lodash.get/-/lodash.get-4.4.2.tgz",
      "integrity": "sha1-LRd/ZS+jHpObRDjVNBSZ36OCXpk=",
      "dev": true
    },
    "loose-envify": {
      "version": "1.4.0",
      "resolved": "https://registry.npmjs.org/loose-envify/-/loose-envify-1.4.0.tgz",
      "integrity": "sha512-lyuxPGr/Wfhrlem2CL/UcnUc1zcqKAImBDzukY7Y5F/yQiNdko6+fRLevlw1HgMySw7f611UIY408EtxRSoK3Q==",
      "requires": {
        "js-tokens": "^3.0.0 || ^4.0.0"
      }
    },
    "moment": {
      "version": "2.27.0",
      "resolved": "https://registry.npmjs.org/moment/-/moment-2.27.0.tgz",
      "integrity": "sha512-al0MUK7cpIcglMv3YF13qSgdAIqxHTO7brRtaz3DlSULbqfazqkc5kEjNrLDOM7fsjshoFIihnU8snrP7zUvhQ=="
    },
    "nav-frontend-core": {
      "version": "5.0.1",
      "resolved": "https://registry.npmjs.org/nav-frontend-core/-/nav-frontend-core-5.0.1.tgz",
      "integrity": "sha512-wPcKfXcXvmqA3MPQwlU+nMvB3plJtxLBew4bNmcw5CJNIMtGPwGXEvcexVEIeEdCpJCvOZvwcWxaTc57x16eDA=="
    },
    "nav-frontend-etiketter": {
      "version": "2.0.3",
      "resolved": "https://registry.npmjs.org/nav-frontend-etiketter/-/nav-frontend-etiketter-2.0.3.tgz",
      "integrity": "sha512-JSq9RPsvsRfZRPmiwa5m5Uy32tnF7rhz1pz7/jsFxVTVZLLIEGTobAcDhZj6USHQOvIc3PlunzAizt9OtCEKYw=="
    },
    "nav-frontend-etiketter-style": {
      "version": "1.0.3",
      "resolved": "https://registry.npmjs.org/nav-frontend-etiketter-style/-/nav-frontend-etiketter-style-1.0.3.tgz",
      "integrity": "sha512-un8h4nS89Ia4UhJBYURSLTr3gZ6wytokq4xxQyCwbY6XgbEKQKwlkTMeIk2dof/lCpvSi/4ofkIuDy+h5tUinw=="
    },
    "nav-frontend-grid": {
      "version": "1.0.29",
      "resolved": "https://registry.npmjs.org/nav-frontend-grid/-/nav-frontend-grid-1.0.29.tgz",
      "integrity": "sha512-CTfHmxyP+kh8O3fvkcrsa5xlfVjKkH4jCkgrjIboOgdV9Vt+WfAyDRUk5oAkiQ2cyR7DNt/3T2sU/v9fFEAeYQ=="
    },
    "nav-frontend-grid-style": {
      "version": "0.2.20",
      "resolved": "https://registry.npmjs.org/nav-frontend-grid-style/-/nav-frontend-grid-style-0.2.20.tgz",
      "integrity": "sha512-PY6pXJFscPJlnXgSMiO2zqfWoAEby/SbCmxyc3NXxkejBf4OEbHza/BdNhQCZrr+XK4tB9dLgj5xZJ6AGBqIRw=="
    },
    "nav-frontend-ikoner-assets": {
      "version": "1.0.5",
      "resolved": "https://registry.npmjs.org/nav-frontend-ikoner-assets/-/nav-frontend-ikoner-assets-1.0.5.tgz",
      "integrity": "sha512-SPXDdvz8dhamhImf2aLQ3jOdXeNPedgnc/5MAd9RRr8T/EBjoZIWHCCg88GiXk6HC1T5MgjohHSFntkk5/phGg=="
    },
    "nav-frontend-js-utils": {
      "version": "1.0.8",
      "resolved": "https://registry.npmjs.org/nav-frontend-js-utils/-/nav-frontend-js-utils-1.0.8.tgz",
      "integrity": "sha512-GFDedxAONjvcrkdtq9mz2r+Im7KkWXcgrhh9HtGIUTR5By7n33SBAk0SdfnLt18Q3HWEbnsa/jOWHDRHrQE7Zg=="
    },
    "nav-frontend-knapper": {
      "version": "2.0.4",
      "resolved": "https://registry.npmjs.org/nav-frontend-knapper/-/nav-frontend-knapper-2.0.4.tgz",
      "integrity": "sha512-vcAglzTWw8UzX1rY47EW9Nit6+q+d49IvEU/pmzBCz4ywqa2u29GTzqFCeyEzFq8/TCiVS68NZBtlUHXDgFrTQ=="
    },
    "nav-frontend-knapper-style": {
      "version": "0.3.38",
      "resolved": "https://registry.npmjs.org/nav-frontend-knapper-style/-/nav-frontend-knapper-style-0.3.38.tgz",
      "integrity": "sha512-pqzIAakw2EU2aqsPpYLLfYO/3DEb7OuW+qcmM95u6h9pIOB+pbduwzoYjRDv11N9ylk5Nqt7oYmpildGVwwZbg=="
    },
    "nav-frontend-lenker": {
      "version": "1.0.41",
      "resolved": "https://registry.npmjs.org/nav-frontend-lenker/-/nav-frontend-lenker-1.0.41.tgz",
      "integrity": "sha512-8aiewhtREIFwfYaprd1xKKfr5EXzUx+lJ2nco7MOsQgvGtdZL2p7XOUosC0K4xMSnEgzT3aSNvVYdvdDrDqXqw=="
    },
    "nav-frontend-lenker-style": {
      "version": "0.2.29",
      "resolved": "https://registry.npmjs.org/nav-frontend-lenker-style/-/nav-frontend-lenker-style-0.2.29.tgz",
      "integrity": "sha512-0LLaONtn0Rn+Tg5t+N9Elq2Qgmh9iF6zhbUJGDLLq50rjRtNkhmXqb7czlwhi7JuCCge+bdXEe2ai741oXRr/w=="
    },
    "nav-frontend-lukknapp": {
      "version": "1.0.28",
      "resolved": "https://registry.npmjs.org/nav-frontend-lukknapp/-/nav-frontend-lukknapp-1.0.28.tgz",
      "integrity": "sha512-4soEpoSj0Blc0G4tHSn1dNrDJBL1sVnkVienDbQHhaCnMI7zHzYXkJ2FOoZ0dt1o4ta8hxjQif39KTYmguxFsg=="
    },
    "nav-frontend-lukknapp-style": {
      "version": "0.2.24",
      "resolved": "https://registry.npmjs.org/nav-frontend-lukknapp-style/-/nav-frontend-lukknapp-style-0.2.24.tgz",
      "integrity": "sha512-ScpBh8BzIRKGJAaxbIH5gScSdXT5htJ9V6qh1NBqdKCtVRfFuhAk3rAWRZDKSOV3323isP20/0DlnR5cK2DaZg=="
    },
    "nav-frontend-modal": {
      "version": "1.0.36",
      "resolved": "https://registry.npmjs.org/nav-frontend-modal/-/nav-frontend-modal-1.0.36.tgz",
      "integrity": "sha512-Isy5Kg99XanGFYONmE0Zudkw4W9lGIKH04WnHghvu9IFziu5MFGk0/zoLa9bPDTfPZgn1wu4zNj6dQB0BWiSBA=="
    },
    "nav-frontend-modal-style": {
      "version": "0.3.35",
      "resolved": "https://registry.npmjs.org/nav-frontend-modal-style/-/nav-frontend-modal-style-0.3.35.tgz",
      "integrity": "sha512-AaV5vh1VF4SPq16yMCSby0AuDlXvsp5uhvsKjaL/GMBgzP0BLmDH1oOMok32HSIhdz2XRKLLhd+WlYlrB468tA=="
    },
    "nav-frontend-paneler": {
      "version": "2.0.5",
      "resolved": "https://registry.npmjs.org/nav-frontend-paneler/-/nav-frontend-paneler-2.0.5.tgz",
      "integrity": "sha512-puBJhNKw7Ach0zH9g+SKcS5P+VG2oxic3ubS7KhSKWrlNzI+IMscVn43roUSXupMlBNdRClMxGAFFROfa2btUw=="
    },
    "nav-frontend-paneler-style": {
      "version": "0.3.21",
      "resolved": "https://registry.npmjs.org/nav-frontend-paneler-style/-/nav-frontend-paneler-style-0.3.21.tgz",
      "integrity": "sha512-bo3pmByEHH3Hnl8OphcCEcz23nqs3VK05xF+f3m9quzi+TcPHpYSe+V6NrBzFAA6UB6clRo7b8l5j/ANY7prDg=="
    },
    "nav-frontend-skjema": {
      "version": "3.0.10",
      "resolved": "https://registry.npmjs.org/nav-frontend-skjema/-/nav-frontend-skjema-3.0.10.tgz",
      "integrity": "sha512-GehQ7J+Mp2FeQmiwt26obXQsURuJhy5F0myb93a9/Ew9d2ioqN9TLPB8RgCz39sb4nKKIVObrOvvSPZHBjlpLQ=="
    },
    "nav-frontend-skjema-style": {
      "version": "2.0.9",
      "resolved": "https://registry.npmjs.org/nav-frontend-skjema-style/-/nav-frontend-skjema-style-2.0.9.tgz",
      "integrity": "sha512-WPQ1nvy5LH+R1IIVpMBUnasvU8+Bd0WvtOMBBPpIgTaZkt+xEh2p2QJGJXSTt+vmNxRk1wEwFybV5shX5o8KfQ=="
    },
    "nav-frontend-spinner": {
      "version": "2.0.2",
      "resolved": "https://registry.npmjs.org/nav-frontend-spinner/-/nav-frontend-spinner-2.0.2.tgz",
      "integrity": "sha512-q2i43b6qR2tBK6cC6bJzI52vaxZZJIhZs1Pr4sa5J4IZIbuMDLiN/j7BDbAK5/AHMSakogxMCPxiQzVwY4ZWhQ=="
    },
    "nav-frontend-spinner-style": {
      "version": "0.2.5",
      "resolved": "https://registry.npmjs.org/nav-frontend-spinner-style/-/nav-frontend-spinner-style-0.2.5.tgz",
      "integrity": "sha512-PWSfscmNMbrnXRcXQUgBquU5479bNmO/sw3IwML6s6K/qyEYggRvJdGCbBEYyxXmoeDDjXGd2tkIVy5gja387A=="
    },
    "nav-frontend-typografi": {
      "version": "2.0.21",
      "resolved": "https://registry.npmjs.org/nav-frontend-typografi/-/nav-frontend-typografi-2.0.21.tgz",
      "integrity": "sha512-a9Q284KeYBOk0PRq2qXHwxvefCMvIuPduKo8aJe39RPMpCqTBtHsZuUAT9Avp9jAY4FdF5hHazB+hPs1YcMcmQ=="
    },
    "nav-frontend-typografi-style": {
      "version": "1.0.22",
      "resolved": "https://registry.npmjs.org/nav-frontend-typografi-style/-/nav-frontend-typografi-style-1.0.22.tgz",
      "integrity": "sha512-MZ7AdSQjQuZz7e/zkfihJFBMSzyolpcmdYSAmHGQTQmtFdvxAAx1WAef8D6BwxKS8aEj2/86CX7cRMS5dXMAnw==",
      "requires": {
        "nav-frontend-core": "^5.0.1"
      }
    },
    "nise": {
      "version": "4.0.4",
      "resolved": "https://registry.npmjs.org/nise/-/nise-4.0.4.tgz",
      "integrity": "sha512-bTTRUNlemx6deJa+ZyoCUTRvH3liK5+N6VQZ4NIw90AgDXY6iPnsqplNFf6STcj+ePk0H/xqxnP75Lr0J0Fq3A==",
      "dev": true,
      "requires": {
        "@sinonjs/commons": "^1.7.0",
        "@sinonjs/fake-timers": "^6.0.0",
        "@sinonjs/text-encoding": "^0.7.1",
        "just-extend": "^4.0.2",
        "path-to-regexp": "^1.7.0"
      }
    },
    "object-assign": {
      "version": "4.1.1",
      "resolved": "https://registry.npmjs.org/object-assign/-/object-assign-4.1.1.tgz",
      "integrity": "sha1-IQmtx5ZYh8/AXLvUQsrIv7s2CGM="
    },
    "path-to-regexp": {
      "version": "1.8.0",
      "resolved": "https://registry.npmjs.org/path-to-regexp/-/path-to-regexp-1.8.0.tgz",
      "integrity": "sha512-n43JRhlUKUAlibEJhPeir1ncUID16QnEjNpwzNdO3Lm4ywrBpBZ5oLD0I6br9evr1Y9JTqwRtAh7JLoOzAQdVA==",
      "dev": true,
      "requires": {
        "isarray": "0.0.1"
      }
    },
    "prop-types": {
      "version": "15.7.2",
      "resolved": "https://registry.npmjs.org/prop-types/-/prop-types-15.7.2.tgz",
      "integrity": "sha512-8QQikdH7//R2vurIJSutZ1smHYTcLpRWEOlHnzcWHmBYrOGUysKwSsrC89BCiFj3CbrfJ/nXFdJepOVrY1GCHQ==",
      "requires": {
        "loose-envify": "^1.4.0",
        "object-assign": "^4.1.1",
        "react-is": "^16.8.1"
      }
    },
    "react": {
      "version": "16.13.1",
      "resolved": "https://registry.npmjs.org/react/-/react-16.13.1.tgz",
      "integrity": "sha512-YMZQQq32xHLX0bz5Mnibv1/LHb3Sqzngu7xstSM+vrkE5Kzr9xE0yMByK5kMoTK30YVJE61WfbxIFFvfeDKT1w==",
      "requires": {
        "loose-envify": "^1.1.0",
        "object-assign": "^4.1.1",
        "prop-types": "^15.6.2"
      }
    },
    "react-day-picker": {
      "version": "7.4.8",
      "resolved": "https://registry.npmjs.org/react-day-picker/-/react-day-picker-7.4.8.tgz",
      "integrity": "sha512-pp0hnxFVoRuBQcRdR1Hofw4CQtOCGVmzCNrscyvS0Q8NEc+UiYLEDqE5dk37bf0leSnBW4lheIt0CKKhuKzDVw==",
      "requires": {
        "prop-types": "^15.6.2"
      }
    },
    "react-intl": {
      "version": "4.7.6",
      "resolved": "https://registry.npmjs.org/react-intl/-/react-intl-4.7.6.tgz",
      "integrity": "sha512-esfz1/WAZjN7WixC1ZiRDWrvH+OSdZ6ZcRYguEqeS69lycj/x8L3ckzF0+5cmbkJGvBLG5ppFZ6DOO0mCk8gUw==",
      "requires": {
        "@formatjs/intl-datetimeformat": "^1.3.3",
        "@formatjs/intl-displaynames": "^2.2.9",
        "@formatjs/intl-listformat": "^2.2.9",
        "@formatjs/intl-numberformat": "^4.2.11",
        "@formatjs/intl-relativetimeformat": "^5.2.11",
        "@formatjs/intl-utils": "^3.5.0",
        "@types/hoist-non-react-statics": "^3.3.1",
        "@types/invariant": "^2.2.31",
        "hoist-non-react-statics": "^3.3.2",
        "intl-format-cache": "^4.2.43",
        "intl-messageformat": "^8.4.1",
        "intl-messageformat-parser": "^5.2.1",
        "shallow-equal": "^1.2.1"
      }
    },
    "react-is": {
      "version": "16.13.1",
      "resolved": "https://registry.npmjs.org/react-is/-/react-is-16.13.1.tgz",
      "integrity": "sha512-24e6ynE2H+OKt4kqsOvNd8kBpV65zoxbA4BVsEOB3ARVWQki/DHzaUoC5KuON/BiccDaCCTZBuOcfZs70kR8bQ=="
    },
    "react-lifecycles-compat": {
      "version": "3.0.4",
      "resolved": "https://registry.npmjs.org/react-lifecycles-compat/-/react-lifecycles-compat-3.0.4.tgz",
      "integrity": "sha512-fBASbA6LnOU9dOU2eW7aQ8xmYBSXUIWr+UmF9b1efZBazGNO+rcXT/icdKnYm2pTwcRylVUYwW7H1PHfLekVzA=="
    },
    "react-modal": {
      "version": "3.11.2",
      "resolved": "https://registry.npmjs.org/react-modal/-/react-modal-3.11.2.tgz",
      "integrity": "sha512-o8gvvCOFaG1T7W6JUvsYjRjMVToLZgLIsi5kdhFIQCtHxDkA47LznX62j+l6YQkpXDbvQegsDyxe/+JJsFQN7w==",
      "requires": {
        "exenv": "^1.2.0",
        "prop-types": "^15.5.10",
        "react-lifecycles-compat": "^3.0.0",
        "warning": "^4.0.3"
      }
    },
    "react-redux": {
      "version": "7.2.1",
      "resolved": "https://registry.npmjs.org/react-redux/-/react-redux-7.2.1.tgz",
      "integrity": "sha512-T+VfD/bvgGTUA74iW9d2i5THrDQWbweXP0AVNI8tNd1Rk5ch1rnMiJkDD67ejw7YBKM4+REvcvqRuWJb7BLuEg==",
      "requires": {
        "@babel/runtime": "^7.5.5",
        "hoist-non-react-statics": "^3.3.0",
        "loose-envify": "^1.4.0",
        "prop-types": "^15.7.2",
        "react-is": "^16.9.0"
      }
    },
    "react-test-renderer": {
      "version": "16.13.1",
      "resolved": "https://registry.npmjs.org/react-test-renderer/-/react-test-renderer-16.13.1.tgz",
      "integrity": "sha512-Sn2VRyOK2YJJldOqoh8Tn/lWQ+ZiKhyZTPtaO0Q6yNj+QDbmRkVFap6pZPy3YQk8DScRDfyqm/KxKYP9gCMRiQ==",
      "dev": true,
      "requires": {
        "object-assign": "^4.1.1",
        "prop-types": "^15.6.2",
        "react-is": "^16.8.6",
        "scheduler": "^0.19.1"
      }
    },
    "redux": {
      "version": "4.0.5",
      "resolved": "https://registry.npmjs.org/redux/-/redux-4.0.5.tgz",
      "integrity": "sha512-VSz1uMAH24DM6MF72vcojpYPtrTUu3ByVWfPL1nPfVRb5mZVTve5GnNCUV53QM/BZ66xfWrm0CTWoM+Xlz8V1w==",
      "requires": {
        "loose-envify": "^1.4.0",
        "symbol-observable": "^1.2.0"
      }
    },
    "redux-form": {
      "version": "8.3.6",
      "resolved": "https://registry.npmjs.org/redux-form/-/redux-form-8.3.6.tgz",
      "integrity": "sha512-PfDdi+9JtNdr29Pv+9123TiojJlFB6+qczCRfP++cVT4nO2tEv4tDJHSV1l/Ol3Qh9z2cRg1QeLMhShNtRZ3+g==",
      "requires": {
        "@babel/runtime": "^7.9.2",
        "@scarf/scarf": "^1.0.5",
        "es6-error": "^4.1.1",
        "hoist-non-react-statics": "^3.3.2",
        "invariant": "^2.2.4",
        "is-promise": "^2.1.0",
        "lodash": "^4.17.15",
        "prop-types": "^15.6.1",
        "react-is": "^16.4.2"
      }
    },
    "regenerator-runtime": {
      "version": "0.13.7",
      "resolved": "https://registry.npmjs.org/regenerator-runtime/-/regenerator-runtime-0.13.7.tgz",
      "integrity": "sha512-a54FxoJDIr27pgf7IgeQGxmqUNYrcV338lf/6gH456HZ/PhX+5BcwHXG9ajESmwe6WRO0tAzRUrRmNONWgkrew=="
    },
    "reselect": {
      "version": "4.0.0",
      "resolved": "https://registry.npmjs.org/reselect/-/reselect-4.0.0.tgz",
      "integrity": "sha512-qUgANli03jjAyGlnbYVAV5vvnOmJnODyABz51RdBN7M4WaVu8mecZWgyQNkG8Yqe3KRGRt0l4K4B3XVEULC4CA=="
    },
    "scheduler": {
      "version": "0.19.1",
      "resolved": "https://registry.npmjs.org/scheduler/-/scheduler-0.19.1.tgz",
      "integrity": "sha512-n/zwRWRYSUj0/3g/otKDRPMh6qv2SYMWNq85IEa8iZyAv8od9zDYpGSnpBEjNgcMNq6Scbu5KfIPxNF72R/2EA==",
      "dev": true,
      "requires": {
        "loose-envify": "^1.1.0",
        "object-assign": "^4.1.1"
      }
    },
    "shallow-equal": {
      "version": "1.2.1",
      "resolved": "https://registry.npmjs.org/shallow-equal/-/shallow-equal-1.2.1.tgz",
      "integrity": "sha512-S4vJDjHHMBaiZuT9NPb616CSmLf618jawtv3sufLl6ivK8WocjAo58cXwbRV1cgqxH0Qbv+iUt6m05eqEa2IRA=="
    },
    "sinon": {
      "version": "9.0.3",
      "resolved": "https://registry.npmjs.org/sinon/-/sinon-9.0.3.tgz",
      "integrity": "sha512-IKo9MIM111+smz9JGwLmw5U1075n1YXeAq8YeSFlndCLhAL5KGn6bLgu7b/4AYHTV/LcEMcRm2wU2YiL55/6Pg==",
      "dev": true,
      "requires": {
        "@sinonjs/commons": "^1.7.2",
        "@sinonjs/fake-timers": "^6.0.1",
        "@sinonjs/formatio": "^5.0.1",
        "@sinonjs/samsam": "^5.1.0",
        "diff": "^4.0.2",
        "nise": "^4.0.4",
        "supports-color": "^7.1.0"
      }
    },
    "supports-color": {
      "version": "7.2.0",
      "resolved": "https://registry.npmjs.org/supports-color/-/supports-color-7.2.0.tgz",
      "integrity": "sha512-qpCAvRl9stuOHveKsn7HncJRvv501qIacKzQlO/+Lwxc9+0q2wLyv4Dfvt80/DPn2pqOBsJdDiogXGR9+OvwRw==",
      "dev": true,
      "requires": {
        "has-flag": "^4.0.0"
      }
    },
    "symbol-observable": {
      "version": "1.2.0",
      "resolved": "https://registry.npmjs.org/symbol-observable/-/symbol-observable-1.2.0.tgz",
      "integrity": "sha512-e900nM8RRtGhlV36KGEU9k65K3mPb1WV70OdjfxlG2EAuM1noi/E/BaW/uMhL7bPEssK8QV57vN3esixjUvcXQ=="
    },
    "type-detect": {
      "version": "4.0.8",
      "resolved": "https://registry.npmjs.org/type-detect/-/type-detect-4.0.8.tgz",
      "integrity": "sha512-0fr/mIH1dlO+x7TlcMy+bIDqKPsw/70tVyeHW787goQjhmqaZe10uwLujubK9q9Lg6Fiho1KUKDYz0Z7k7g5/g==",
      "dev": true
    },
    "warning": {
      "version": "4.0.3",
      "resolved": "https://registry.npmjs.org/warning/-/warning-4.0.3.tgz",
      "integrity": "sha512-rpJyN222KWIvHJ/F53XSZv0Zl/accqHR8et1kpaMTD/fLCRxtV8iX8czMzY7sVZupTI3zcUTg8eycS2kNF9l6w==",
      "requires": {
        "loose-envify": "^1.0.0"
      }
    }
  }
}
